<?xml version="1.0" encoding="utf-8"?>
<Project ToolsVersion="4.0" xmlns="http://schemas.microsoft.com/developer/msbuild/2003">
  <ItemGroup>
    <Filter Include="Renderer">
      <UniqueIdentifier>{7CCE658F-689B-C09A-91B4-AE427DE0F528}</UniqueIdentifier>
    </Filter>
  </ItemGroup>
  <ItemGroup>
    <ClInclude Include="src\Engine.h" />
    <ClInclude Include="src\EngineContext.h" />
    <ClInclude Include="src\FixedSizeQueue.h" />
    <ClInclude Include="src\Logger.h" />
    <ClInclude Include="src\Renderer\VulkanContext.h">
      <Filter>Renderer</Filter>
    </ClInclude>
    <ClInclude Include="src\Renderer\VulkanDevice.h">
      <Filter>Renderer</Filter>
    </ClInclude>
    <ClInclude Include="src\Renderer\VulkanSwapChain.h">
      <Filter>Renderer</Filter>
    </ClInclude>
    <ClInclude Include="src\Renderer\VulkanInstance.h">
      <Filter>Renderer</Filter>
    </ClInclude>
    <ClInclude Include="src\Renderer\StandardPipeline.h" />
    <ClInclude Include="src\Window.h" />
    <ClInclude Include="src\Allocator.h" />
    <ClInclude Include="src\Renderer\VulkanCommandBuffer.h" />
    <ClInclude Include="src\Renderer\BasicPipeline.h" />
  </ItemGroup>
  <ItemGroup>
    <ClCompile Include="src\Engine.cpp" />
    <ClCompile Include="src\EngineContext.cpp" />
    <ClCompile Include="src\Logger.cpp" />
    <ClCompile Include="src\Renderer\VulkanContext.cpp">
      <Filter>Renderer</Filter>
    </ClCompile>
    <ClCompile Include="src\Renderer\VulkanDevice.cpp">
      <Filter>Renderer</Filter>
    </ClCompile>
    <ClCompile Include="src\Renderer\VulkanSwapChain.cpp">
      <Filter>Renderer</Filter>
    </ClCompile>
    <ClCompile Include="src\Source.cpp" />
    <ClCompile Include="src\Renderer\StandardPipeline.cpp" />
    <ClCompile Include="src\Window.cpp" />
    <ClCompile Include="src\Renderer\VulkanInstance.cpp" />
    <ClCompile Include="src\Renderer\VulkanCommandBuffer.cpp" />
    <ClCompile Include="src\Renderer\BasicPipeline.cpp" />
  </ItemGroup>
</Project>