<?xml version="1.0" encoding="utf-8"?>
<Project ToolsVersion="4.0" xmlns="http://schemas.microsoft.com/developer/msbuild/2003">
  <ItemGroup>
    <Filter Include="Renderer">
      <UniqueIdentifier>{7CCE658F-689B-C09A-91B4-AE427DE0F528}</UniqueIdentifier>
    </Filter>
  </ItemGroup>
  <ItemGroup>
    <ClInclude Include="src\Engine.h" />
    <ClInclude Include="src\EngineContext.h" />
    <ClInclude Include="src\FixedSizeQueue.h" />
    <ClInclude Include="src\Logger.h" />
    <ClInclude Include="src\Renderer\VulkanContext.h">
      <Filter>Renderer</Filter>
    </ClInclude>
    <ClInclude Include="src\Renderer\VulkanDevice.h">
      <Filter>Renderer</Filter>
    </ClInclude>
    <ClInclude Include="src\Renderer\VulkanSwapChain.h">
      <Filter>Renderer</Filter>
    </ClInclude>
    <ClInclude Include="src\Renderer\VulkanInstance.h">
      <Filter>Renderer</Filter>
    </ClInclude>
    <ClInclude Include="src\Window.h" />
    <ClInclude Include="src\Allocator.h" />
    <ClInclude Include="src\Scene\Transform.h" />
    <ClInclude Include="src\Scene\Entity.h" />
    <ClInclude Include="src\Scene\Scene.h" />
    <ClInclude Include="src\ResourceManagement\ResourceManager.h" />
    <ClInclude Include="src\Scene\Camera.h" />
    <ClInclude Include="src\Constants.h" />
    <ClInclude Include="src\System.h" />
    <ClInclude Include="src\Renderer\ForwardRenderer.h">
      <Filter>Renderer</Filter>
    </ClInclude>
    <ClInclude Include="src\Renderer\Material.h">
      <Filter>Renderer</Filter>
    </ClInclude>
    <ClInclude Include="src\Renderer\Pipelines\PipelineBuilder.h">
      <Filter>Renderer</Filter>
    </ClInclude>
    <ClInclude Include="src\Renderer\SceneRenderer.h">
      <Filter>Renderer</Filter>
    </ClInclude>
    <ClInclude Include="src\Renderer\Vertex.h">
      <Filter>Renderer</Filter>
    </ClInclude>
    <ClInclude Include="src\Renderer\Uniforms.h">
      <Filter>Renderer</Filter>
    </ClInclude>
    <ClInclude Include="src\Renderer\VulkanCommandBuffer.h">
      <Filter>Renderer</Filter>
    </ClInclude>
    <ClInclude Include="src\Renderer\VulkanHelpers.h">
      <Filter>Renderer</Filter>
    </ClInclude>
  </ItemGroup>
  <ItemGroup>
    <ClCompile Include="src\Engine.cpp" />
    <ClCompile Include="src\EngineContext.cpp" />
    <ClCompile Include="src\Logger.cpp" />
    <ClCompile Include="src\Renderer\VulkanContext.cpp">
      <Filter>Renderer</Filter>
    </ClCompile>
    <ClCompile Include="src\Renderer\VulkanDevice.cpp">
      <Filter>Renderer</Filter>
    </ClCompile>
    <ClCompile Include="src\Renderer\VulkanSwapChain.cpp">
      <Filter>Renderer</Filter>
    </ClCompile>
    <ClCompile Include="src\Source.cpp" />
    <ClCompile Include="src\Window.cpp" />
    <ClCompile Include="src\Scene\Transform.cpp" />
    <ClCompile Include="src\Scene\Scene.cpp" />
    <ClCompile Include="src\Scene\Entity.cpp" />
    <ClCompile Include="src\ResourceManagement\ResourceManager.cpp" />
    <ClCompile Include="src\Scene\Camera.cpp" />
    <ClCompile Include="ext\stbi\stb_image.cpp" />
    <ClCompile Include="src\Renderer\ForwardRenderer.cpp">
      <Filter>Renderer</Filter>
    </ClCompile>
    <ClCompile Include="src\Renderer\Material.cpp">
      <Filter>Renderer</Filter>
    </ClCompile>
    <ClCompile Include="src\Renderer\Pipelines\PipelineBuilder.cpp">
      <Filter>Renderer</Filter>
    </ClCompile>
    <ClCompile Include="src\Renderer\SceneRenderer.cpp">
      <Filter>Renderer</Filter>
    </ClCompile>
    <ClCompile Include="src\Renderer\Vertex.cpp">
      <Filter>Renderer</Filter>
    </ClCompile>
    <ClCompile Include="src\Renderer\VulkanCommandBuffer.cpp">
      <Filter>Renderer</Filter>
    </ClCompile>
    <ClCompile Include="src\Renderer\VulkanHelpers.cpp">
      <Filter>Renderer</Filter>
    </ClCompile>
    <ClCompile Include="src\Renderer\VulkanInstance.cpp">
      <Filter>Renderer</Filter>
    </ClCompile>
  </ItemGroup>
</Project>